
Microsoft Visual Studio Solution File, Format Version 12.00
# Visual Studio Version 17
VisualStudioVersion = 17.6.33723.286
MinimumVisualStudioVersion = 10.0.40219.1
Project("{888888A0-9F3D-457C-B088-3A5042F75D52}") = "Python-Binance TesteNet Top 20 gainers", "Python-Binance TesteNet Top 20 gainers.pyproj", "{630D6F37-2289-4B7A-9706-EED20AB9E4DB}"
EndProject
Global
	GlobalSection(SolutionConfigurationPlatforms) = preSolution
		Debug|Any CPU = Debug|Any CPU
		Release|Any CPU = Release|Any CPU
	EndGlobalSection
	GlobalSection(ProjectConfigurationPlatforms) = postSolution
		{630D6F37-2289-4B7A-9706-EED20AB9E4DB}.Debug|Any CPU.ActiveCfg = Debug|Any CPU
		{630D6F37-2289-4B7A-9706-EED20AB9E4DB}.Release|Any CPU.ActiveCfg = Release|Any CPU
	EndGlobalSection
	GlobalSection(SolutionProperties) = preSolution
		HideSolutionNode = FALSE
	EndGlobalSection
	GlobalSection(ExtensibilityGlobals) = postSolution
		SolutionGuid = {BB3EF087-FC99-4199-9836-33BAE2B0C5A6}
	EndGlobalSection
EndGlobal
